
Microsoft Visual Studio Solution File, Format Version 12.00
# Visual Studio Version 16
VisualStudioVersion = 16.0.810.7
MinimumVisualStudioVersion = 10.0.40219.1
Project("{FAE04EC0-301F-11D3-BF4B-00C04F79EFBC}") = "01.Train", "01.Train\01.Train.csproj", "{5AE1ECF8-65F1-4814-AB67-1DE366894F6F}"
EndProject
Project("{FAE04EC0-301F-11D3-BF4B-00C04F79EFBC}") = "02.CommonElements", "02.CommonElements\02.CommonElements.csproj", "{92B6960C-F9FA-4D96-8797-3C10391B65FA}"
EndProject
Project("{FAE04EC0-301F-11D3-BF4B-00C04F79EFBC}") = "03.ZigZagArray", "03.ZigZagArray\03.ZigZagArray.csproj", "{A5C399BA-0FCA-4E91-B48C-F0EDE9EFE716}"
EndProject
Global
	GlobalSection(SolutionConfigurationPlatforms) = preSolution
		Debug|Any CPU = Debug|Any CPU
		Release|Any CPU = Release|Any CPU
	EndGlobalSection
	GlobalSection(ProjectConfigurationPlatforms) = postSolution
		{5AE1ECF8-65F1-4814-AB67-1DE366894F6F}.Debug|Any CPU.ActiveCfg = Debug|Any CPU
		{5AE1ECF8-65F1-4814-AB67-1DE366894F6F}.Debug|Any CPU.Build.0 = Debug|Any CPU
		{5AE1ECF8-65F1-4814-AB67-1DE366894F6F}.Release|Any CPU.ActiveCfg = Release|Any CPU
		{5AE1ECF8-65F1-4814-AB67-1DE366894F6F}.Release|Any CPU.Build.0 = Release|Any CPU
		{92B6960C-F9FA-4D96-8797-3C10391B65FA}.Debug|Any CPU.ActiveCfg = Debug|Any CPU
		{92B6960C-F9FA-4D96-8797-3C10391B65FA}.Debug|Any CPU.Build.0 = Debug|Any CPU
		{92B6960C-F9FA-4D96-8797-3C10391B65FA}.Release|Any CPU.ActiveCfg = Release|Any CPU
		{92B6960C-F9FA-4D96-8797-3C10391B65FA}.Release|Any CPU.Build.0 = Release|Any CPU
		{A5C399BA-0FCA-4E91-B48C-F0EDE9EFE716}.Debug|Any CPU.ActiveCfg = Debug|Any CPU
		{A5C399BA-0FCA-4E91-B48C-F0EDE9EFE716}.Debug|Any CPU.Build.0 = Debug|Any CPU
		{A5C399BA-0FCA-4E91-B48C-F0EDE9EFE716}.Release|Any CPU.ActiveCfg = Release|Any CPU
		{A5C399BA-0FCA-4E91-B48C-F0EDE9EFE716}.Release|Any CPU.Build.0 = Release|Any CPU
	EndGlobalSection
	GlobalSection(SolutionProperties) = preSolution
		HideSolutionNode = FALSE
	EndGlobalSection
	GlobalSection(ExtensibilityGlobals) = postSolution
		SolutionGuid = {90E378E0-9C07-4CF6-9122-214EBF26095C}
	EndGlobalSection
EndGlobal
