
Microsoft Visual Studio Solution File, Format Version 12.00
# Visual Studio Version 16
VisualStudioVersion = 16.0.810.6
MinimumVisualStudioVersion = 10.0.40219.1
Project("{FAE04EC0-301F-11D3-BF4B-00C04F79EFBC}") = "01.AvgNumber", "01.AvgNumber\01.AvgNumber.csproj", "{DA013148-F1B5-4771-997F-726640FAF37B}"
EndProject
Project("{FAE04EC0-301F-11D3-BF4B-00C04F79EFBC}") = "02.ExamStatistics", "02.ExamStatistics\02.ExamStatistics.csproj", "{351CC372-91DE-43F2-9F88-BA98F3B39608}"
EndProject
Project("{FAE04EC0-301F-11D3-BF4B-00C04F79EFBC}") = "03.FamilyBudget", "03.FamilyBudget\03.FamilyBudget.csproj", "{C2F3BF9B-6689-4DE1-A0AD-E1C215BBF0A8}"
EndProject
Project("{FAE04EC0-301F-11D3-BF4B-00C04F79EFBC}") = "04.SquareOfAsterisks", "04.SquareOfAsterisks\04.SquareOfAsterisks.csproj", "{0E9FC35F-BF2B-4C6C-947E-F7C9B293A6EC}"
EndProject
Global
	GlobalSection(SolutionConfigurationPlatforms) = preSolution
		Debug|Any CPU = Debug|Any CPU
		Release|Any CPU = Release|Any CPU
	EndGlobalSection
	GlobalSection(ProjectConfigurationPlatforms) = postSolution
		{DA013148-F1B5-4771-997F-726640FAF37B}.Debug|Any CPU.ActiveCfg = Debug|Any CPU
		{DA013148-F1B5-4771-997F-726640FAF37B}.Debug|Any CPU.Build.0 = Debug|Any CPU
		{DA013148-F1B5-4771-997F-726640FAF37B}.Release|Any CPU.ActiveCfg = Release|Any CPU
		{DA013148-F1B5-4771-997F-726640FAF37B}.Release|Any CPU.Build.0 = Release|Any CPU
		{351CC372-91DE-43F2-9F88-BA98F3B39608}.Debug|Any CPU.ActiveCfg = Debug|Any CPU
		{351CC372-91DE-43F2-9F88-BA98F3B39608}.Debug|Any CPU.Build.0 = Debug|Any CPU
		{351CC372-91DE-43F2-9F88-BA98F3B39608}.Release|Any CPU.ActiveCfg = Release|Any CPU
		{351CC372-91DE-43F2-9F88-BA98F3B39608}.Release|Any CPU.Build.0 = Release|Any CPU
		{C2F3BF9B-6689-4DE1-A0AD-E1C215BBF0A8}.Debug|Any CPU.ActiveCfg = Debug|Any CPU
		{C2F3BF9B-6689-4DE1-A0AD-E1C215BBF0A8}.Debug|Any CPU.Build.0 = Debug|Any CPU
		{C2F3BF9B-6689-4DE1-A0AD-E1C215BBF0A8}.Release|Any CPU.ActiveCfg = Release|Any CPU
		{C2F3BF9B-6689-4DE1-A0AD-E1C215BBF0A8}.Release|Any CPU.Build.0 = Release|Any CPU
		{0E9FC35F-BF2B-4C6C-947E-F7C9B293A6EC}.Debug|Any CPU.ActiveCfg = Debug|Any CPU
		{0E9FC35F-BF2B-4C6C-947E-F7C9B293A6EC}.Debug|Any CPU.Build.0 = Debug|Any CPU
		{0E9FC35F-BF2B-4C6C-947E-F7C9B293A6EC}.Release|Any CPU.ActiveCfg = Release|Any CPU
		{0E9FC35F-BF2B-4C6C-947E-F7C9B293A6EC}.Release|Any CPU.Build.0 = Release|Any CPU
	EndGlobalSection
	GlobalSection(SolutionProperties) = preSolution
		HideSolutionNode = FALSE
	EndGlobalSection
	GlobalSection(ExtensibilityGlobals) = postSolution
		SolutionGuid = {B1873059-2A26-4FD4-AE9A-5072C7BA0F5E}
	EndGlobalSection
EndGlobal
