
Microsoft Visual Studio Solution File, Format Version 12.00
# Visual Studio Version 16
VisualStudioVersion = 16.0.31613.86
MinimumVisualStudioVersion = 10.0.40219.1
Project("{9A19103F-16F7-4668-BE54-9A1E7A4F7556}") = "01.SignOfNumber", "01.SignOfNumber\01.SignOfNumber.csproj", "{9C092CDA-C387-46DD-8D76-A35B6B2D043A}"
EndProject
Project("{9A19103F-16F7-4668-BE54-9A1E7A4F7556}") = "02.Grade", "02.Grade\02.Grade.csproj", "{52E6440C-D5C1-42B2-99A3-60F7416DC9CC}"
EndProject
Project("{9A19103F-16F7-4668-BE54-9A1E7A4F7556}") = "03.RumOfStars", "03.RumOfStars\03.RumOfStars.csproj", "{5D0E50D2-827D-464D-A406-DC89D4FDC241}"
EndProject
Project("{FAE04EC0-301F-11D3-BF4B-00C04F79EFBC}") = "04.Calculator", "04.Calculator\04.Calculator.csproj", "{283E344C-B85D-4637-94C4-2CEFF6F925AB}"
EndProject
Global
	GlobalSection(SolutionConfigurationPlatforms) = preSolution
		Debug|Any CPU = Debug|Any CPU
		Release|Any CPU = Release|Any CPU
	EndGlobalSection
	GlobalSection(ProjectConfigurationPlatforms) = postSolution
		{9C092CDA-C387-46DD-8D76-A35B6B2D043A}.Debug|Any CPU.ActiveCfg = Debug|Any CPU
		{9C092CDA-C387-46DD-8D76-A35B6B2D043A}.Debug|Any CPU.Build.0 = Debug|Any CPU
		{9C092CDA-C387-46DD-8D76-A35B6B2D043A}.Release|Any CPU.ActiveCfg = Release|Any CPU
		{9C092CDA-C387-46DD-8D76-A35B6B2D043A}.Release|Any CPU.Build.0 = Release|Any CPU
		{52E6440C-D5C1-42B2-99A3-60F7416DC9CC}.Debug|Any CPU.ActiveCfg = Debug|Any CPU
		{52E6440C-D5C1-42B2-99A3-60F7416DC9CC}.Debug|Any CPU.Build.0 = Debug|Any CPU
		{52E6440C-D5C1-42B2-99A3-60F7416DC9CC}.Release|Any CPU.ActiveCfg = Release|Any CPU
		{52E6440C-D5C1-42B2-99A3-60F7416DC9CC}.Release|Any CPU.Build.0 = Release|Any CPU
		{5D0E50D2-827D-464D-A406-DC89D4FDC241}.Debug|Any CPU.ActiveCfg = Debug|Any CPU
		{5D0E50D2-827D-464D-A406-DC89D4FDC241}.Debug|Any CPU.Build.0 = Debug|Any CPU
		{5D0E50D2-827D-464D-A406-DC89D4FDC241}.Release|Any CPU.ActiveCfg = Release|Any CPU
		{5D0E50D2-827D-464D-A406-DC89D4FDC241}.Release|Any CPU.Build.0 = Release|Any CPU
		{283E344C-B85D-4637-94C4-2CEFF6F925AB}.Debug|Any CPU.ActiveCfg = Debug|Any CPU
		{283E344C-B85D-4637-94C4-2CEFF6F925AB}.Debug|Any CPU.Build.0 = Debug|Any CPU
		{283E344C-B85D-4637-94C4-2CEFF6F925AB}.Release|Any CPU.ActiveCfg = Release|Any CPU
		{283E344C-B85D-4637-94C4-2CEFF6F925AB}.Release|Any CPU.Build.0 = Release|Any CPU
	EndGlobalSection
	GlobalSection(SolutionProperties) = preSolution
		HideSolutionNode = FALSE
	EndGlobalSection
	GlobalSection(ExtensibilityGlobals) = postSolution
		SolutionGuid = {F63C1DC8-893E-4D8C-9D6F-C35981700DDD}
	EndGlobalSection
EndGlobal
