
Microsoft Visual Studio Solution File, Format Version 12.00
# Visual Studio Version 16
VisualStudioVersion = 16.0.810.6
MinimumVisualStudioVersion = 10.0.40219.1
Project("{FAE04EC0-301F-11D3-BF4B-00C04F79EFBC}") = "01.Ages", "01.Ages\01.Ages.csproj", "{F151AA0B-3E4F-4275-B83F-D914CDE5565C}"
EndProject
Project("{FAE04EC0-301F-11D3-BF4B-00C04F79EFBC}") = "02.Divison", "02.Divison\02.Divison.csproj", "{65EF084F-1217-45E4-896D-D3328FA520F3}"
EndProject
Global
	GlobalSection(SolutionConfigurationPlatforms) = preSolution
		Debug|Any CPU = Debug|Any CPU
		Release|Any CPU = Release|Any CPU
	EndGlobalSection
	GlobalSection(ProjectConfigurationPlatforms) = postSolution
		{F151AA0B-3E4F-4275-B83F-D914CDE5565C}.Debug|Any CPU.ActiveCfg = Debug|Any CPU
		{F151AA0B-3E4F-4275-B83F-D914CDE5565C}.Debug|Any CPU.Build.0 = Debug|Any CPU
		{F151AA0B-3E4F-4275-B83F-D914CDE5565C}.Release|Any CPU.ActiveCfg = Release|Any CPU
		{F151AA0B-3E4F-4275-B83F-D914CDE5565C}.Release|Any CPU.Build.0 = Release|Any CPU
		{65EF084F-1217-45E4-896D-D3328FA520F3}.Debug|Any CPU.ActiveCfg = Debug|Any CPU
		{65EF084F-1217-45E4-896D-D3328FA520F3}.Debug|Any CPU.Build.0 = Debug|Any CPU
		{65EF084F-1217-45E4-896D-D3328FA520F3}.Release|Any CPU.ActiveCfg = Release|Any CPU
		{65EF084F-1217-45E4-896D-D3328FA520F3}.Release|Any CPU.Build.0 = Release|Any CPU
	EndGlobalSection
	GlobalSection(SolutionProperties) = preSolution
		HideSolutionNode = FALSE
	EndGlobalSection
	GlobalSection(ExtensibilityGlobals) = postSolution
		SolutionGuid = {6DD9E0DC-56B5-4893-BF23-E0F3B374F01C}
	EndGlobalSection
EndGlobal
