
Microsoft Visual Studio Solution File, Format Version 12.00
# Visual Studio Version 16
VisualStudioVersion = 16.0.810.6
MinimumVisualStudioVersion = 10.0.40219.1
Project("{FAE04EC0-301F-11D3-BF4B-00C04F79EFBC}") = "01.TriangleArea", "01.TriangleArea\01.TriangleArea.csproj", "{412C513A-DA79-4A5E-B2C3-8A77684A1D12}"
EndProject
Project("{FAE04EC0-301F-11D3-BF4B-00C04F79EFBC}") = "02.HarvestWheat", "02.HarvestWheat\02.HarvestWheat.csproj", "{15407E7A-5278-4D89-B9FF-4505E9E4739F}"
EndProject
Project("{FAE04EC0-301F-11D3-BF4B-00C04F79EFBC}") = "03.KindergardenCamp", "03.KindergardenCamp\03.KindergardenCamp.csproj", "{EC8B6E63-EFDC-492B-AEF7-9833CEE4C950}"
EndProject
Project("{FAE04EC0-301F-11D3-BF4B-00C04F79EFBC}") = "04.Scholarship", "04.Scholarship\04.Scholarship.csproj", "{5B6B8C7D-77BF-4EBE-AC3B-7328F2E0F6A4}"
EndProject
Global
	GlobalSection(SolutionConfigurationPlatforms) = preSolution
		Debug|Any CPU = Debug|Any CPU
		Release|Any CPU = Release|Any CPU
	EndGlobalSection
	GlobalSection(ProjectConfigurationPlatforms) = postSolution
		{412C513A-DA79-4A5E-B2C3-8A77684A1D12}.Debug|Any CPU.ActiveCfg = Debug|Any CPU
		{412C513A-DA79-4A5E-B2C3-8A77684A1D12}.Debug|Any CPU.Build.0 = Debug|Any CPU
		{412C513A-DA79-4A5E-B2C3-8A77684A1D12}.Release|Any CPU.ActiveCfg = Release|Any CPU
		{412C513A-DA79-4A5E-B2C3-8A77684A1D12}.Release|Any CPU.Build.0 = Release|Any CPU
		{15407E7A-5278-4D89-B9FF-4505E9E4739F}.Debug|Any CPU.ActiveCfg = Debug|Any CPU
		{15407E7A-5278-4D89-B9FF-4505E9E4739F}.Debug|Any CPU.Build.0 = Debug|Any CPU
		{15407E7A-5278-4D89-B9FF-4505E9E4739F}.Release|Any CPU.ActiveCfg = Release|Any CPU
		{15407E7A-5278-4D89-B9FF-4505E9E4739F}.Release|Any CPU.Build.0 = Release|Any CPU
		{EC8B6E63-EFDC-492B-AEF7-9833CEE4C950}.Debug|Any CPU.ActiveCfg = Debug|Any CPU
		{EC8B6E63-EFDC-492B-AEF7-9833CEE4C950}.Debug|Any CPU.Build.0 = Debug|Any CPU
		{EC8B6E63-EFDC-492B-AEF7-9833CEE4C950}.Release|Any CPU.ActiveCfg = Release|Any CPU
		{EC8B6E63-EFDC-492B-AEF7-9833CEE4C950}.Release|Any CPU.Build.0 = Release|Any CPU
		{5B6B8C7D-77BF-4EBE-AC3B-7328F2E0F6A4}.Debug|Any CPU.ActiveCfg = Debug|Any CPU
		{5B6B8C7D-77BF-4EBE-AC3B-7328F2E0F6A4}.Debug|Any CPU.Build.0 = Debug|Any CPU
		{5B6B8C7D-77BF-4EBE-AC3B-7328F2E0F6A4}.Release|Any CPU.ActiveCfg = Release|Any CPU
		{5B6B8C7D-77BF-4EBE-AC3B-7328F2E0F6A4}.Release|Any CPU.Build.0 = Release|Any CPU
	EndGlobalSection
	GlobalSection(SolutionProperties) = preSolution
		HideSolutionNode = FALSE
	EndGlobalSection
	GlobalSection(ExtensibilityGlobals) = postSolution
		SolutionGuid = {7219DA3B-0772-4BC1-A99D-18F945DAED9A}
	EndGlobalSection
EndGlobal
