
Microsoft Visual Studio Solution File, Format Version 12.00
# Visual Studio Version 16
VisualStudioVersion = 16.0.810.6
MinimumVisualStudioVersion = 10.0.40219.1
Project("{FAE04EC0-301F-11D3-BF4B-00C04F79EFBC}") = "01.OneToN", "01.OneToN\01.OneToN.csproj", "{6E977C8F-D168-42DB-B374-0EB10ED269DD}"
EndProject
Project("{FAE04EC0-301F-11D3-BF4B-00C04F79EFBC}") = "02.OneToNThrough", "02.OneToNThrough\02.OneToNThrough.csproj", "{1C8EAA4E-30D3-4B38-B549-D8E2A829D56F}"
EndProject
Project("{FAE04EC0-301F-11D3-BF4B-00C04F79EFBC}") = "03.LetterDecay", "03.LetterDecay\03.LetterDecay.csproj", "{08C06325-18E2-44AD-8D9B-7095442B9FCA}"
EndProject
Project("{FAE04EC0-301F-11D3-BF4B-00C04F79EFBC}") = "04.SumOfVowels", "04.SumOfVowels\04.SumOfVowels.csproj", "{CFF40DA2-2C0B-4938-857F-78262AEA2249}"
EndProject
Global
	GlobalSection(SolutionConfigurationPlatforms) = preSolution
		Debug|Any CPU = Debug|Any CPU
		Release|Any CPU = Release|Any CPU
	EndGlobalSection
	GlobalSection(ProjectConfigurationPlatforms) = postSolution
		{6E977C8F-D168-42DB-B374-0EB10ED269DD}.Debug|Any CPU.ActiveCfg = Debug|Any CPU
		{6E977C8F-D168-42DB-B374-0EB10ED269DD}.Debug|Any CPU.Build.0 = Debug|Any CPU
		{6E977C8F-D168-42DB-B374-0EB10ED269DD}.Release|Any CPU.ActiveCfg = Release|Any CPU
		{6E977C8F-D168-42DB-B374-0EB10ED269DD}.Release|Any CPU.Build.0 = Release|Any CPU
		{1C8EAA4E-30D3-4B38-B549-D8E2A829D56F}.Debug|Any CPU.ActiveCfg = Debug|Any CPU
		{1C8EAA4E-30D3-4B38-B549-D8E2A829D56F}.Debug|Any CPU.Build.0 = Debug|Any CPU
		{1C8EAA4E-30D3-4B38-B549-D8E2A829D56F}.Release|Any CPU.ActiveCfg = Release|Any CPU
		{1C8EAA4E-30D3-4B38-B549-D8E2A829D56F}.Release|Any CPU.Build.0 = Release|Any CPU
		{08C06325-18E2-44AD-8D9B-7095442B9FCA}.Debug|Any CPU.ActiveCfg = Debug|Any CPU
		{08C06325-18E2-44AD-8D9B-7095442B9FCA}.Debug|Any CPU.Build.0 = Debug|Any CPU
		{08C06325-18E2-44AD-8D9B-7095442B9FCA}.Release|Any CPU.ActiveCfg = Release|Any CPU
		{08C06325-18E2-44AD-8D9B-7095442B9FCA}.Release|Any CPU.Build.0 = Release|Any CPU
		{CFF40DA2-2C0B-4938-857F-78262AEA2249}.Debug|Any CPU.ActiveCfg = Debug|Any CPU
		{CFF40DA2-2C0B-4938-857F-78262AEA2249}.Debug|Any CPU.Build.0 = Debug|Any CPU
		{CFF40DA2-2C0B-4938-857F-78262AEA2249}.Release|Any CPU.ActiveCfg = Release|Any CPU
		{CFF40DA2-2C0B-4938-857F-78262AEA2249}.Release|Any CPU.Build.0 = Release|Any CPU
	EndGlobalSection
	GlobalSection(SolutionProperties) = preSolution
		HideSolutionNode = FALSE
	EndGlobalSection
	GlobalSection(ExtensibilityGlobals) = postSolution
		SolutionGuid = {87CC9685-4087-4E7F-A420-520A8CB0718B}
	EndGlobalSection
EndGlobal
