
Microsoft Visual Studio Solution File, Format Version 12.00
# Visual Studio Version 16
VisualStudioVersion = 16.0.810.6
MinimumVisualStudioVersion = 10.0.40219.1
Project("{FAE04EC0-301F-11D3-BF4B-00C04F79EFBC}") = "01.StudentInformation", "01.StudentInformation\01.StudentInformation.csproj", "{2CAE7B80-6AAF-453D-8727-0337B18CC276}"
EndProject
Project("{FAE04EC0-301F-11D3-BF4B-00C04F79EFBC}") = "02.Passed", "02.Passed\02.Passed.csproj", "{155E6F33-3D61-48DE-8473-AB43AE43A096}"
EndProject
Project("{FAE04EC0-301F-11D3-BF4B-00C04F79EFBC}") = "03.PassedOrFailed", "03.PassedOrFailed\03.PassedOrFailed.csproj", "{1D2ED3E2-C230-4C5F-905C-0095ADBA5C60}"
EndProject
Project("{FAE04EC0-301F-11D3-BF4B-00C04F79EFBC}") = "04.BackIn30Minutes", "04.BackIn30Minutes\04.BackIn30Minutes.csproj", "{9916D768-5ADE-49AF-85B4-961FE68EF415}"
EndProject
Project("{FAE04EC0-301F-11D3-BF4B-00C04F79EFBC}") = "05.MonthPrinter", "05.MonthPrinter\05.MonthPrinter.csproj", "{D3ED947E-4CA3-47A4-A80A-BAAA5AB52506}"
EndProject
Project("{FAE04EC0-301F-11D3-BF4B-00C04F79EFBC}") = "06.ForeignLanguages", "06.ForeignLanguages\06.ForeignLanguages.csproj", "{EA072582-D824-404B-B7E7-5B840F526689}"
EndProject
Project("{FAE04EC0-301F-11D3-BF4B-00C04F79EFBC}") = "07.SumOfOddNumbers", "07.SumOfOddNumbers\07.SumOfOddNumbers.csproj", "{98CD1EE2-8536-44AE-AA2D-2AE229850292}"
EndProject
Project("{FAE04EC0-301F-11D3-BF4B-00C04F79EFBC}") = "08.MultiplicationTable", "08.MultiplicationTable\08.MultiplicationTable.csproj", "{648DDF15-8F40-4291-8F0A-B56A15CB254B}"
EndProject
Project("{FAE04EC0-301F-11D3-BF4B-00C04F79EFBC}") = "09.EvenNumber", "09.EvenNumber\09.EvenNumber.csproj", "{699F72B4-9AF8-46BF-82D5-414C3D74DDCD}"
EndProject
Global
	GlobalSection(SolutionConfigurationPlatforms) = preSolution
		Debug|Any CPU = Debug|Any CPU
		Release|Any CPU = Release|Any CPU
	EndGlobalSection
	GlobalSection(ProjectConfigurationPlatforms) = postSolution
		{2CAE7B80-6AAF-453D-8727-0337B18CC276}.Debug|Any CPU.ActiveCfg = Debug|Any CPU
		{2CAE7B80-6AAF-453D-8727-0337B18CC276}.Debug|Any CPU.Build.0 = Debug|Any CPU
		{2CAE7B80-6AAF-453D-8727-0337B18CC276}.Release|Any CPU.ActiveCfg = Release|Any CPU
		{2CAE7B80-6AAF-453D-8727-0337B18CC276}.Release|Any CPU.Build.0 = Release|Any CPU
		{155E6F33-3D61-48DE-8473-AB43AE43A096}.Debug|Any CPU.ActiveCfg = Debug|Any CPU
		{155E6F33-3D61-48DE-8473-AB43AE43A096}.Debug|Any CPU.Build.0 = Debug|Any CPU
		{155E6F33-3D61-48DE-8473-AB43AE43A096}.Release|Any CPU.ActiveCfg = Release|Any CPU
		{155E6F33-3D61-48DE-8473-AB43AE43A096}.Release|Any CPU.Build.0 = Release|Any CPU
		{1D2ED3E2-C230-4C5F-905C-0095ADBA5C60}.Debug|Any CPU.ActiveCfg = Debug|Any CPU
		{1D2ED3E2-C230-4C5F-905C-0095ADBA5C60}.Debug|Any CPU.Build.0 = Debug|Any CPU
		{1D2ED3E2-C230-4C5F-905C-0095ADBA5C60}.Release|Any CPU.ActiveCfg = Release|Any CPU
		{1D2ED3E2-C230-4C5F-905C-0095ADBA5C60}.Release|Any CPU.Build.0 = Release|Any CPU
		{9916D768-5ADE-49AF-85B4-961FE68EF415}.Debug|Any CPU.ActiveCfg = Debug|Any CPU
		{9916D768-5ADE-49AF-85B4-961FE68EF415}.Debug|Any CPU.Build.0 = Debug|Any CPU
		{9916D768-5ADE-49AF-85B4-961FE68EF415}.Release|Any CPU.ActiveCfg = Release|Any CPU
		{9916D768-5ADE-49AF-85B4-961FE68EF415}.Release|Any CPU.Build.0 = Release|Any CPU
		{D3ED947E-4CA3-47A4-A80A-BAAA5AB52506}.Debug|Any CPU.ActiveCfg = Debug|Any CPU
		{D3ED947E-4CA3-47A4-A80A-BAAA5AB52506}.Debug|Any CPU.Build.0 = Debug|Any CPU
		{D3ED947E-4CA3-47A4-A80A-BAAA5AB52506}.Release|Any CPU.ActiveCfg = Release|Any CPU
		{D3ED947E-4CA3-47A4-A80A-BAAA5AB52506}.Release|Any CPU.Build.0 = Release|Any CPU
		{EA072582-D824-404B-B7E7-5B840F526689}.Debug|Any CPU.ActiveCfg = Debug|Any CPU
		{EA072582-D824-404B-B7E7-5B840F526689}.Debug|Any CPU.Build.0 = Debug|Any CPU
		{EA072582-D824-404B-B7E7-5B840F526689}.Release|Any CPU.ActiveCfg = Release|Any CPU
		{EA072582-D824-404B-B7E7-5B840F526689}.Release|Any CPU.Build.0 = Release|Any CPU
		{98CD1EE2-8536-44AE-AA2D-2AE229850292}.Debug|Any CPU.ActiveCfg = Debug|Any CPU
		{98CD1EE2-8536-44AE-AA2D-2AE229850292}.Debug|Any CPU.Build.0 = Debug|Any CPU
		{98CD1EE2-8536-44AE-AA2D-2AE229850292}.Release|Any CPU.ActiveCfg = Release|Any CPU
		{98CD1EE2-8536-44AE-AA2D-2AE229850292}.Release|Any CPU.Build.0 = Release|Any CPU
		{648DDF15-8F40-4291-8F0A-B56A15CB254B}.Debug|Any CPU.ActiveCfg = Debug|Any CPU
		{648DDF15-8F40-4291-8F0A-B56A15CB254B}.Debug|Any CPU.Build.0 = Debug|Any CPU
		{648DDF15-8F40-4291-8F0A-B56A15CB254B}.Release|Any CPU.ActiveCfg = Release|Any CPU
		{648DDF15-8F40-4291-8F0A-B56A15CB254B}.Release|Any CPU.Build.0 = Release|Any CPU
		{699F72B4-9AF8-46BF-82D5-414C3D74DDCD}.Debug|Any CPU.ActiveCfg = Debug|Any CPU
		{699F72B4-9AF8-46BF-82D5-414C3D74DDCD}.Debug|Any CPU.Build.0 = Debug|Any CPU
		{699F72B4-9AF8-46BF-82D5-414C3D74DDCD}.Release|Any CPU.ActiveCfg = Release|Any CPU
		{699F72B4-9AF8-46BF-82D5-414C3D74DDCD}.Release|Any CPU.Build.0 = Release|Any CPU
	EndGlobalSection
	GlobalSection(SolutionProperties) = preSolution
		HideSolutionNode = FALSE
	EndGlobalSection
	GlobalSection(ExtensibilityGlobals) = postSolution
		SolutionGuid = {05B2C314-458B-4A15-802B-16B52C9C102B}
	EndGlobalSection
EndGlobal
